
Microsoft Visual Studio Solution File, Format Version 12.00
# Visual Studio Version 16
VisualStudioVersion = 16.0.29519.87
MinimumVisualStudioVersion = 10.0.40219.1
Project("{FAE04EC0-301F-11D3-BF4B-00C04F79EFBC}") = "UIAutomationEndavaWebsite", "UIAutomationEndavaWebsite.csproj", "{D048C6F5-D67C-4551-9FE8-3D0DDA778D6A}"
EndProject
Global
	GlobalSection(SolutionConfigurationPlatforms) = preSolution
		Debug|Any CPU = Debug|Any CPU
		Release|Any CPU = Release|Any CPU
	EndGlobalSection
	GlobalSection(ProjectConfigurationPlatforms) = postSolution
		{D048C6F5-D67C-4551-9FE8-3D0DDA778D6A}.Debug|Any CPU.ActiveCfg = Debug|Any CPU
		{D048C6F5-D67C-4551-9FE8-3D0DDA778D6A}.Debug|Any CPU.Build.0 = Debug|Any CPU
		{D048C6F5-D67C-4551-9FE8-3D0DDA778D6A}.Release|Any CPU.ActiveCfg = Release|Any CPU
		{D048C6F5-D67C-4551-9FE8-3D0DDA778D6A}.Release|Any CPU.Build.0 = Release|Any CPU
	EndGlobalSection
	GlobalSection(SolutionProperties) = preSolution
		HideSolutionNode = FALSE
	EndGlobalSection
	GlobalSection(ExtensibilityGlobals) = postSolution
		SolutionGuid = {3C64180D-FC2E-431D-A245-D069A98FDC3A}
	EndGlobalSection
EndGlobal
